
Microsoft Visual Studio Solution File, Format Version 12.00
# Visual Studio Version 17
VisualStudioVersion = 17.13.35825.156
MinimumVisualStudioVersion = 10.0.40219.1
Project("{FAE04EC0-301F-11D3-BF4B-00C04F79EFBC}") = "VRCSaveTextManager", "VRCSaveTextManager\VRCSaveTextManager.csproj", "{F1B76D97-B10D-4146-B2B5-EC56716EF20E}"
EndProject
Project("{FAE04EC0-301F-11D3-BF4B-00C04F79EFBC}") = "Koturn.VRChat.Log", "Koturn.VRChat.Log\Koturn.VRChat.Log\Koturn.VRChat.Log.csproj", "{F14DF1F8-84B5-AB97-1B3F-4309EEF154A2}"
EndProject
Project("{FAE04EC0-301F-11D3-BF4B-00C04F79EFBC}") = "Koturn.Windows.Consoles", "Koturn.Windows.Consoles\Koturn.Windows.Consoles\Koturn.Windows.Consoles.csproj", "{6CF07D73-4357-240E-A582-BA8DF25263E3}"
EndProject
Global
	GlobalSection(SolutionConfigurationPlatforms) = preSolution
		Debug|Any CPU = Debug|Any CPU
		Release|Any CPU = Release|Any CPU
	EndGlobalSection
	GlobalSection(ProjectConfigurationPlatforms) = postSolution
		{F1B76D97-B10D-4146-B2B5-EC56716EF20E}.Debug|Any CPU.ActiveCfg = Debug|Any CPU
		{F1B76D97-B10D-4146-B2B5-EC56716EF20E}.Debug|Any CPU.Build.0 = Debug|Any CPU
		{F1B76D97-B10D-4146-B2B5-EC56716EF20E}.Release|Any CPU.ActiveCfg = Release|Any CPU
		{F1B76D97-B10D-4146-B2B5-EC56716EF20E}.Release|Any CPU.Build.0 = Release|Any CPU
		{F14DF1F8-84B5-AB97-1B3F-4309EEF154A2}.Debug|Any CPU.ActiveCfg = Debug|Any CPU
		{F14DF1F8-84B5-AB97-1B3F-4309EEF154A2}.Debug|Any CPU.Build.0 = Debug|Any CPU
		{F14DF1F8-84B5-AB97-1B3F-4309EEF154A2}.Release|Any CPU.ActiveCfg = Release|Any CPU
		{F14DF1F8-84B5-AB97-1B3F-4309EEF154A2}.Release|Any CPU.Build.0 = Release|Any CPU
		{6CF07D73-4357-240E-A582-BA8DF25263E3}.Debug|Any CPU.ActiveCfg = Debug|Any CPU
		{6CF07D73-4357-240E-A582-BA8DF25263E3}.Debug|Any CPU.Build.0 = Debug|Any CPU
		{6CF07D73-4357-240E-A582-BA8DF25263E3}.Release|Any CPU.ActiveCfg = Release|Any CPU
		{6CF07D73-4357-240E-A582-BA8DF25263E3}.Release|Any CPU.Build.0 = Release|Any CPU
	EndGlobalSection
	GlobalSection(SolutionProperties) = preSolution
		HideSolutionNode = FALSE
	EndGlobalSection
	GlobalSection(ExtensibilityGlobals) = postSolution
		SolutionGuid = {BA2E31B5-9B11-4DF7-A61F-E54E3627D85B}
	EndGlobalSection
EndGlobal
